
Microsoft Visual Studio Solution File, Format Version 12.00
# Visual Studio Version 17
VisualStudioVersion = 17.6.33723.286
MinimumVisualStudioVersion = 10.0.40219.1
Project("{FAE04EC0-301F-11D3-BF4B-00C04F79EFBC}") = "FriendlyFireAutoban", "FriendlyFireAutoban\FriendlyFireAutoban.csproj", "{9280B8BA-6290-4FC8-A58F-BC24E43AA486}"
EndProject
Project("{2150E333-8FDC-42A3-9474-1A3956D46DE8}") = "Solution Items", "Solution Items", "{0DE60663-AAB6-436E-AD52-531FC942E3CD}"
	ProjectSection(SolutionItems) = preProject
		README.md = README.md
	EndProjectSection
EndProject
Project("{2150E333-8FDC-42A3-9474-1A3956D46DE8}") = "sm_translations", "sm_translations", "{DE756298-ED83-477E-B38B-808EB0CC66AC}"
	ProjectSection(SolutionItems) = preProject
		sm_translations\friendly_fire_autoban.ru.txt = sm_translations\friendly_fire_autoban.ru.txt
	EndProjectSection
EndProject
Project("{2150E333-8FDC-42A3-9474-1A3956D46DE8}") = "SQL", "SQL", "{133202CE-2004-4ED2-A61F-886E7C2ADA99}"
	ProjectSection(SolutionItems) = preProject
		SQLHistory.sql = SQLHistory.sql
	EndProjectSection
EndProject
Global
	GlobalSection(SolutionConfigurationPlatforms) = preSolution
		Debug|Any CPU = Debug|Any CPU
		Debug|x64 = Debug|x64
		EXILED|Any CPU = EXILED|Any CPU
		EXILED|x64 = EXILED|x64
		Release|Any CPU = Release|Any CPU
		Release|x64 = Release|x64
	EndGlobalSection
	GlobalSection(ProjectConfigurationPlatforms) = postSolution
		{9280B8BA-6290-4FC8-A58F-BC24E43AA486}.Debug|Any CPU.ActiveCfg = EXILED|Any CPU
		{9280B8BA-6290-4FC8-A58F-BC24E43AA486}.Debug|Any CPU.Build.0 = EXILED|Any CPU
		{9280B8BA-6290-4FC8-A58F-BC24E43AA486}.Debug|x64.ActiveCfg = Smod2|x64
		{9280B8BA-6290-4FC8-A58F-BC24E43AA486}.Debug|x64.Build.0 = Smod2|x64
		{9280B8BA-6290-4FC8-A58F-BC24E43AA486}.EXILED|Any CPU.ActiveCfg = EXILED|Any CPU
		{9280B8BA-6290-4FC8-A58F-BC24E43AA486}.EXILED|Any CPU.Build.0 = EXILED|Any CPU
		{9280B8BA-6290-4FC8-A58F-BC24E43AA486}.EXILED|x64.ActiveCfg = EXILED|x64
		{9280B8BA-6290-4FC8-A58F-BC24E43AA486}.EXILED|x64.Build.0 = EXILED|x64
		{9280B8BA-6290-4FC8-A58F-BC24E43AA486}.Release|Any CPU.ActiveCfg = EXILED|Any CPU
		{9280B8BA-6290-4FC8-A58F-BC24E43AA486}.Release|Any CPU.Build.0 = EXILED|Any CPU
		{9280B8BA-6290-4FC8-A58F-BC24E43AA486}.Release|x64.ActiveCfg = EXILED|x64
		{9280B8BA-6290-4FC8-A58F-BC24E43AA486}.Release|x64.Build.0 = EXILED|x64
	EndGlobalSection
	GlobalSection(SolutionProperties) = preSolution
		HideSolutionNode = FALSE
	EndGlobalSection
	GlobalSection(NestedProjects) = preSolution
		{DE756298-ED83-477E-B38B-808EB0CC66AC} = {0DE60663-AAB6-436E-AD52-531FC942E3CD}
		{133202CE-2004-4ED2-A61F-886E7C2ADA99} = {0DE60663-AAB6-436E-AD52-531FC942E3CD}
	EndGlobalSection
	GlobalSection(ExtensibilityGlobals) = postSolution
		SolutionGuid = {93980AF1-83D2-487D-8CDA-F1CD4AB2B304}
	EndGlobalSection
EndGlobal
